
Microsoft Visual Studio Solution File, Format Version 12.00
# Visual Studio Version 16
VisualStudioVersion = 16.0.30517.126
MinimumVisualStudioVersion = 10.0.40219.1
Project("{FAE04EC0-301F-11D3-BF4B-00C04F79EFBC}") = "AdventurerGame", "AdventurerGame\AdventurerGame.csproj", "{475896CF-C973-4392-B85B-1765E60EA61D}"
EndProject
Global
	GlobalSection(SolutionConfigurationPlatforms) = preSolution
		Debug|Any CPU = Debug|Any CPU
		Release|Any CPU = Release|Any CPU
	EndGlobalSection
	GlobalSection(ProjectConfigurationPlatforms) = postSolution
		{475896CF-C973-4392-B85B-1765E60EA61D}.Debug|Any CPU.ActiveCfg = Debug|Any CPU
		{475896CF-C973-4392-B85B-1765E60EA61D}.Debug|Any CPU.Build.0 = Debug|Any CPU
		{475896CF-C973-4392-B85B-1765E60EA61D}.Release|Any CPU.ActiveCfg = Release|Any CPU
		{475896CF-C973-4392-B85B-1765E60EA61D}.Release|Any CPU.Build.0 = Release|Any CPU
	EndGlobalSection
	GlobalSection(SolutionProperties) = preSolution
		HideSolutionNode = FALSE
	EndGlobalSection
	GlobalSection(ExtensibilityGlobals) = postSolution
		SolutionGuid = {C7359EF0-E742-4E0C-BA2A-6A1B68E7CDEB}
	EndGlobalSection
EndGlobal
